
Microsoft Visual Studio Solution File, Format Version 12.00
# Visual Studio 15
VisualStudioVersion = 15.0.28307.329
MinimumVisualStudioVersion = 10.0.40219.1
Project("{FAE04EC0-301F-11D3-BF4B-00C04F79EFBC}") = "ASP.NETHost", "ASP.NETHost\ASP.NETHost.csproj", "{D131D579-1360-4EC3-A755-2AD5A0B38328}"
EndProject
Project("{FAE04EC0-301F-11D3-BF4B-00C04F79EFBC}") = "ToDoApp", "ToDoApp\ToDoApp.csproj", "{D808E65D-CECD-446B-BCA6-54BB624F7AC2}"
EndProject
Project("{2150E333-8FDC-42A3-9474-1A3956D46DE8}") = "Core", "Core", "{CFBFC726-7200-4A6E-B98E-765D8625AE76}"
EndProject
Project("{2150E333-8FDC-42A3-9474-1A3956D46DE8}") = "DTO", "DTO", "{083B0280-9F56-4C0D-8D88-9863B083057D}"
EndProject
Project("{2150E333-8FDC-42A3-9474-1A3956D46DE8}") = "Infrastructure", "Infrastructure", "{CAAC1870-D4A7-4E1C-AFA0-CA8566FB7948}"
EndProject
Project("{2150E333-8FDC-42A3-9474-1A3956D46DE8}") = "Logic", "Logic", "{063952F1-342C-4073-9D2B-25470ABAB72E}"
EndProject
Project("{FAE04EC0-301F-11D3-BF4B-00C04F79EFBC}") = "Core.Domain", "Core.Domain\Core.Domain.csproj", "{8C70C415-2A4B-4226-A0E4-CDBA4DCABEB3}"
EndProject
Project("{FAE04EC0-301F-11D3-BF4B-00C04F79EFBC}") = "Core.Interfaces", "Core.Interfaces\Core.Interfaces.csproj", "{749DFA49-41A8-4761-A760-680420E12D3F}"
EndProject
Project("{FAE04EC0-301F-11D3-BF4B-00C04F79EFBC}") = "DTO.Items", "DTO.Items\DTO.Items.csproj", "{95B2070C-EDF1-48EA-88F6-1B9DBBD9ABF0}"
EndProject
Project("{FAE04EC0-301F-11D3-BF4B-00C04F79EFBC}") = "Infrastructure.Linq2DbData", "Infrastucture.Data\Infrastructure.Linq2DbData.csproj", "{71CD3A4C-BDF6-4F2D-B3D5-8E06925E92C2}"
EndProject
Project("{FAE04EC0-301F-11D3-BF4B-00C04F79EFBC}") = "Logic.Interfaces", "Logic.Interfaces\Logic.Interfaces.csproj", "{9C925CA2-C234-40B7-AAB0-EF78E7132CA8}"
EndProject
Project("{FAE04EC0-301F-11D3-BF4B-00C04F79EFBC}") = "Logic.Implementation", "Logic.Implementation\Logic.Implementation.csproj", "{0767B16B-A025-4384-BB47-2055DAC7003C}"
EndProject
Project("{2150E333-8FDC-42A3-9474-1A3956D46DE8}") = "Tests", "Tests", "{8BE2158A-6FFC-40EE-AA16-652943E99B1F}"
EndProject
Project("{FAE04EC0-301F-11D3-BF4B-00C04F79EFBC}") = "Logic.Tests", "Logic.Tests\Logic.Tests.csproj", "{6970F1E4-7686-4A94-B23B-82BA0FC5535E}"
EndProject
Project("{FAE04EC0-301F-11D3-BF4B-00C04F79EFBC}") = "Infrastructure.NLogger", "Infrastucture.Logger\Infrastructure.NLogger.csproj", "{BD602412-F91A-48E4-A3A3-B397C1C18199}"
EndProject
Project("{FAE04EC0-301F-11D3-BF4B-00C04F79EFBC}") = "Infrastructure.EntityFramework", "Infrastructure.EntityFramework\Infrastructure.EntityFramework.csproj", "{34268F38-7060-4CCA-8EFF-42561533B5E5}"
EndProject
Global
	GlobalSection(SolutionConfigurationPlatforms) = preSolution
		Debug|Any CPU = Debug|Any CPU
		Release|Any CPU = Release|Any CPU
	EndGlobalSection
	GlobalSection(ProjectConfigurationPlatforms) = postSolution
		{D131D579-1360-4EC3-A755-2AD5A0B38328}.Debug|Any CPU.ActiveCfg = Debug|Any CPU
		{D131D579-1360-4EC3-A755-2AD5A0B38328}.Debug|Any CPU.Build.0 = Debug|Any CPU
		{D131D579-1360-4EC3-A755-2AD5A0B38328}.Release|Any CPU.ActiveCfg = Release|Any CPU
		{D131D579-1360-4EC3-A755-2AD5A0B38328}.Release|Any CPU.Build.0 = Release|Any CPU
		{D808E65D-CECD-446B-BCA6-54BB624F7AC2}.Debug|Any CPU.ActiveCfg = Debug|Any CPU
		{D808E65D-CECD-446B-BCA6-54BB624F7AC2}.Debug|Any CPU.Build.0 = Debug|Any CPU
		{D808E65D-CECD-446B-BCA6-54BB624F7AC2}.Release|Any CPU.ActiveCfg = Release|Any CPU
		{D808E65D-CECD-446B-BCA6-54BB624F7AC2}.Release|Any CPU.Build.0 = Release|Any CPU
		{8C70C415-2A4B-4226-A0E4-CDBA4DCABEB3}.Debug|Any CPU.ActiveCfg = Debug|Any CPU
		{8C70C415-2A4B-4226-A0E4-CDBA4DCABEB3}.Debug|Any CPU.Build.0 = Debug|Any CPU
		{8C70C415-2A4B-4226-A0E4-CDBA4DCABEB3}.Release|Any CPU.ActiveCfg = Release|Any CPU
		{8C70C415-2A4B-4226-A0E4-CDBA4DCABEB3}.Release|Any CPU.Build.0 = Release|Any CPU
		{749DFA49-41A8-4761-A760-680420E12D3F}.Debug|Any CPU.ActiveCfg = Debug|Any CPU
		{749DFA49-41A8-4761-A760-680420E12D3F}.Debug|Any CPU.Build.0 = Debug|Any CPU
		{749DFA49-41A8-4761-A760-680420E12D3F}.Release|Any CPU.ActiveCfg = Release|Any CPU
		{749DFA49-41A8-4761-A760-680420E12D3F}.Release|Any CPU.Build.0 = Release|Any CPU
		{95B2070C-EDF1-48EA-88F6-1B9DBBD9ABF0}.Debug|Any CPU.ActiveCfg = Debug|Any CPU
		{95B2070C-EDF1-48EA-88F6-1B9DBBD9ABF0}.Debug|Any CPU.Build.0 = Debug|Any CPU
		{95B2070C-EDF1-48EA-88F6-1B9DBBD9ABF0}.Release|Any CPU.ActiveCfg = Release|Any CPU
		{95B2070C-EDF1-48EA-88F6-1B9DBBD9ABF0}.Release|Any CPU.Build.0 = Release|Any CPU
		{71CD3A4C-BDF6-4F2D-B3D5-8E06925E92C2}.Debug|Any CPU.ActiveCfg = Debug|Any CPU
		{71CD3A4C-BDF6-4F2D-B3D5-8E06925E92C2}.Debug|Any CPU.Build.0 = Debug|Any CPU
		{71CD3A4C-BDF6-4F2D-B3D5-8E06925E92C2}.Release|Any CPU.ActiveCfg = Release|Any CPU
		{71CD3A4C-BDF6-4F2D-B3D5-8E06925E92C2}.Release|Any CPU.Build.0 = Release|Any CPU
		{9C925CA2-C234-40B7-AAB0-EF78E7132CA8}.Debug|Any CPU.ActiveCfg = Debug|Any CPU
		{9C925CA2-C234-40B7-AAB0-EF78E7132CA8}.Debug|Any CPU.Build.0 = Debug|Any CPU
		{9C925CA2-C234-40B7-AAB0-EF78E7132CA8}.Release|Any CPU.ActiveCfg = Release|Any CPU
		{9C925CA2-C234-40B7-AAB0-EF78E7132CA8}.Release|Any CPU.Build.0 = Release|Any CPU
		{0767B16B-A025-4384-BB47-2055DAC7003C}.Debug|Any CPU.ActiveCfg = Debug|Any CPU
		{0767B16B-A025-4384-BB47-2055DAC7003C}.Debug|Any CPU.Build.0 = Debug|Any CPU
		{0767B16B-A025-4384-BB47-2055DAC7003C}.Release|Any CPU.ActiveCfg = Release|Any CPU
		{0767B16B-A025-4384-BB47-2055DAC7003C}.Release|Any CPU.Build.0 = Release|Any CPU
		{6970F1E4-7686-4A94-B23B-82BA0FC5535E}.Debug|Any CPU.ActiveCfg = Debug|Any CPU
		{6970F1E4-7686-4A94-B23B-82BA0FC5535E}.Debug|Any CPU.Build.0 = Debug|Any CPU
		{6970F1E4-7686-4A94-B23B-82BA0FC5535E}.Release|Any CPU.ActiveCfg = Release|Any CPU
		{6970F1E4-7686-4A94-B23B-82BA0FC5535E}.Release|Any CPU.Build.0 = Release|Any CPU
		{BD602412-F91A-48E4-A3A3-B397C1C18199}.Debug|Any CPU.ActiveCfg = Debug|Any CPU
		{BD602412-F91A-48E4-A3A3-B397C1C18199}.Debug|Any CPU.Build.0 = Debug|Any CPU
		{BD602412-F91A-48E4-A3A3-B397C1C18199}.Release|Any CPU.ActiveCfg = Release|Any CPU
		{BD602412-F91A-48E4-A3A3-B397C1C18199}.Release|Any CPU.Build.0 = Release|Any CPU
		{34268F38-7060-4CCA-8EFF-42561533B5E5}.Debug|Any CPU.ActiveCfg = Debug|Any CPU
		{34268F38-7060-4CCA-8EFF-42561533B5E5}.Debug|Any CPU.Build.0 = Debug|Any CPU
		{34268F38-7060-4CCA-8EFF-42561533B5E5}.Release|Any CPU.ActiveCfg = Release|Any CPU
		{34268F38-7060-4CCA-8EFF-42561533B5E5}.Release|Any CPU.Build.0 = Release|Any CPU
	EndGlobalSection
	GlobalSection(SolutionProperties) = preSolution
		HideSolutionNode = FALSE
	EndGlobalSection
	GlobalSection(NestedProjects) = preSolution
		{8C70C415-2A4B-4226-A0E4-CDBA4DCABEB3} = {CFBFC726-7200-4A6E-B98E-765D8625AE76}
		{749DFA49-41A8-4761-A760-680420E12D3F} = {CFBFC726-7200-4A6E-B98E-765D8625AE76}
		{95B2070C-EDF1-48EA-88F6-1B9DBBD9ABF0} = {083B0280-9F56-4C0D-8D88-9863B083057D}
		{71CD3A4C-BDF6-4F2D-B3D5-8E06925E92C2} = {CAAC1870-D4A7-4E1C-AFA0-CA8566FB7948}
		{9C925CA2-C234-40B7-AAB0-EF78E7132CA8} = {063952F1-342C-4073-9D2B-25470ABAB72E}
		{0767B16B-A025-4384-BB47-2055DAC7003C} = {063952F1-342C-4073-9D2B-25470ABAB72E}
		{6970F1E4-7686-4A94-B23B-82BA0FC5535E} = {8BE2158A-6FFC-40EE-AA16-652943E99B1F}
		{BD602412-F91A-48E4-A3A3-B397C1C18199} = {CAAC1870-D4A7-4E1C-AFA0-CA8566FB7948}
		{34268F38-7060-4CCA-8EFF-42561533B5E5} = {CAAC1870-D4A7-4E1C-AFA0-CA8566FB7948}
	EndGlobalSection
	GlobalSection(ExtensibilityGlobals) = postSolution
		SolutionGuid = {E68C0C0B-0571-4AE2-9AEE-92CB9082ECFF}
	EndGlobalSection
EndGlobal
